<?xml version="1.0" encoding="utf-8"?>
<Project ToolsVersion="4.0" xmlns="http://schemas.microsoft.com/developer/msbuild/2003">
  <ItemGroup>
    <Filter Include="Resource Files">
      <UniqueIdentifier>{67DA6AB6-F800-4c08-8B7A-83BB121AAD01}</UniqueIdentifier>
      <Extensions>rc;ico;cur;bmp;dlg;rc2;rct;bin;rgs;gif;jpg;jpeg;jpe;resx;tiff;tif;png;wav</Extensions>
    </Filter>
    <Filter Include="util">
      <UniqueIdentifier>{8baee585-3a7b-4be8-ad85-a20d368569b6}</UniqueIdentifier>
    </Filter>
    <Filter Include="archive">
      <UniqueIdentifier>{dae1c96a-cd44-414e-afe3-bb6596ad8d10}</UniqueIdentifier>
    </Filter>
    <Filter Include="async">
      <UniqueIdentifier>{89a1ed42-3aec-4a8c-8336-7e7d32b301cf}</UniqueIdentifier>
    </Filter>
    <Filter Include="container">
      <UniqueIdentifier>{83cfb80c-2ff0-4e0d-b1ec-748d5d4dccfd}</UniqueIdentifier>
    </Filter>
    <Filter Include="algorithm">
      <UniqueIdentifier>{bac28a69-fbfb-4926-86d4-9b7844daf1e6}</UniqueIdentifier>
    </Filter>
  </ItemGroup>
  <ItemGroup>
    <ClInclude Include="..\archive\archive.h">
      <Filter>archive</Filter>
    </ClInclude>
    <ClInclude Include="..\archive\archive_traits.h">
      <Filter>archive</Filter>
    </ClInclude>
    <ClInclude Include="..\async\taskcontainer.h">
      <Filter>async</Filter>
    </ClInclude>
    <ClInclude Include="..\async\threadpool.h">
      <Filter>async</Filter>
    </ClInclude>
    <ClInclude Include="..\container\graph.h">
      <Filter>container</Filter>
    </ClInclude>
    <ClInclude Include="..\container\static_string.h">
      <Filter>container</Filter>
    </ClInclude>
    <ClInclude Include="..\container\static_vector.h">
      <Filter>container</Filter>
    </ClInclude>
    <ClInclude Include="..\container\tree.h">
      <Filter>container</Filter>
    </ClInclude>
    <ClInclude Include="..\util\gblog.h">
      <Filter>util</Filter>
    </ClInclude>
    <ClInclude Include="..\util\gbtest.h">
      <Filter>util</Filter>
    </ClInclude>
    <ClInclude Include="..\util\gbtimer.h">
      <Filter>util</Filter>
    </ClInclude>
    <ClInclude Include="..\util\misc.h">
      <Filter>util</Filter>
    </ClInclude>
    <ClInclude Include="..\util\gberror.h">
      <Filter>util</Filter>
    </ClInclude>
    <ClInclude Include="..\util\traits.h">
      <Filter>util</Filter>
    </ClInclude>
    <ClInclude Include="..\util\gbmemory.h">
      <Filter>util</Filter>
    </ClInclude>
    <ClInclude Include="..\util\file_mutex.h">
      <Filter>util</Filter>
    </ClInclude>
    <ClInclude Include="..\include\yadro.h" />
    <ClInclude Include="..\util\gbwin.h">
      <Filter>util</Filter>
    </ClInclude>
    <ClInclude Include="..\util\gnuplot.h">
      <Filter>util</Filter>
    </ClInclude>
    <ClInclude Include="..\util\tuple_functions.h">
      <Filter>util</Filter>
    </ClInclude>
    <ClInclude Include="..\util\gbmacro.h">
      <Filter>util</Filter>
    </ClInclude>
    <ClInclude Include="..\container\tensor.h">
      <Filter>container</Filter>
    </ClInclude>
    <ClInclude Include="..\container\matrix.h">
      <Filter>container</Filter>
    </ClInclude>
    <ClInclude Include="..\algorithm\neighbor_expansion.h">
      <Filter>algorithm</Filter>
    </ClInclude>
  </ItemGroup>
  <ItemGroup>
    <ClCompile Include="..\archive\archive.cpp">
      <Filter>archive</Filter>
    </ClCompile>
    <ClCompile Include="..\async\taskcontainer.cpp">
      <Filter>async</Filter>
    </ClCompile>
    <ClCompile Include="..\async\threadpool.cpp">
      <Filter>async</Filter>
    </ClCompile>
    <ClCompile Include="..\container\graph.cpp">
      <Filter>container</Filter>
    </ClCompile>
    <ClCompile Include="..\container\static_string.cpp">
      <Filter>container</Filter>
    </ClCompile>
    <ClCompile Include="..\container\static_vector.cpp">
      <Filter>container</Filter>
    </ClCompile>
    <ClCompile Include="..\container\tree.cpp">
      <Filter>container</Filter>
    </ClCompile>
    <ClCompile Include="..\util\file_mutex.cpp">
      <Filter>util</Filter>
    </ClCompile>
  </ItemGroup>
</Project>