<?xml version="1.0" encoding="utf-8"?>
<Project ToolsVersion="4.0" xmlns="http://schemas.microsoft.com/developer/msbuild/2003">
  <ItemGroup>
    <Filter Include="test">
      <UniqueIdentifier>{3e7e16ae-753f-42be-9c48-615c11bf8b35}</UniqueIdentifier>
    </Filter>
  </ItemGroup>
  <ItemGroup>
    <ClCompile Include="..\test\yadro_test.cpp">
      <Filter>test</Filter>
    </ClCompile>
    <ClCompile Include="..\test\util_test.cpp">
      <Filter>test</Filter>
    </ClCompile>
    <ClCompile Include="..\test\archive_test.cpp">
      <Filter>test</Filter>
    </ClCompile>
    <ClCompile Include="..\test\graph_test.cpp">
      <Filter>test</Filter>
    </ClCompile>
    <ClCompile Include="..\test\async_test.cpp">
      <Filter>test</Filter>
    </ClCompile>
    <ClCompile Include="..\test\container_test.cpp">
      <Filter>test</Filter>
    </ClCompile>
    <ClCompile Include="..\test\algorithm_test.cpp">
      <Filter>test</Filter>
    </ClCompile>
    <ClCompile Include="..\test\simulator_test.cpp">
      <Filter>test</Filter>
    </ClCompile>
  </ItemGroup>
</Project>